
Microsoft Visual Studio Solution File, Format Version 12.00
# Visual Studio Version 17
VisualStudioVersion = 17.5.002.0
MinimumVisualStudioVersion = 10.0.40219.1
Project("{9A19103F-16F7-4668-BE54-9A1E7A4F7556}") = "keepass2android-appSdkStyle", "keepass2android-appSdkStyle.csproj", "{D98811AF-97B5-4B11-B8FD-4840517DE656}"
EndProject
Global
	GlobalSection(SolutionConfigurationPlatforms) = preSolution
		Debug|Any CPU = Debug|Any CPU
		Release|Any CPU = Release|Any CPU
	EndGlobalSection
	GlobalSection(ProjectConfigurationPlatforms) = postSolution
		{D98811AF-97B5-4B11-B8FD-4840517DE656}.Debug|Any CPU.ActiveCfg = Debug|Any CPU
		{D98811AF-97B5-4B11-B8FD-4840517DE656}.Debug|Any CPU.Build.0 = Debug|Any CPU
		{D98811AF-97B5-4B11-B8FD-4840517DE656}.Release|Any CPU.ActiveCfg = Release|Any CPU
		{D98811AF-97B5-4B11-B8FD-4840517DE656}.Release|Any CPU.Build.0 = Release|Any CPU
	EndGlobalSection
	GlobalSection(SolutionProperties) = preSolution
		HideSolutionNode = FALSE
	EndGlobalSection
	GlobalSection(ExtensibilityGlobals) = postSolution
		SolutionGuid = {B2DB32F1-2893-4FAD-83C2-890E14D8A98E}
	EndGlobalSection
EndGlobal
