
Microsoft Visual Studio Solution File, Format Version 12.00
# Visual Studio 2012
Project("{FAE04EC0-301F-11D3-BF4B-00C04F79EFBC}") = "KeePassLib2Android", "KeePassLib2Android\KeePassLib2Android.csproj", "{545B4A6B-8BBA-4FBE-92FC-4AC060122A54}"
EndProject
Project("{FAE04EC0-301F-11D3-BF4B-00C04F79EFBC}") = "keepass2android", "keepass2android\keepass2android.csproj", "{A6CF8A86-37C1-4197-80FE-519DE2C842F5}"
EndProject
Project("{FAE04EC0-301F-11D3-BF4B-00C04F79EFBC}") = "Kp2aKeyboardBinding", "Kp2aKeyboardBinding\Kp2aKeyboardBinding.csproj", "{A8779D4D-7C49-4C2F-82BD-2CDC448391DA}"
EndProject
Project("{FAE04EC0-301F-11D3-BF4B-00C04F79EFBC}") = "Kp2aBusinessLogic", "Kp2aBusinessLogic\Kp2aBusinessLogic.csproj", "{53A9CB7F-6553-4BC0-B56B-9410BB2E59AA}"
EndProject
Project("{FAE04EC0-301F-11D3-BF4B-00C04F79EFBC}") = "MonoDroidUnitTesting", "monodroid-unittesting\MonoDroidUnitTesting\MonoDroidUnitTesting.csproj", "{A5F8FB02-00E0-4335-91EF-AEAA2C2F3C48}"
EndProject
Project("{FAE04EC0-301F-11D3-BF4B-00C04F79EFBC}") = "Kp2aUnitTests", "Kp2aUnitTests\Kp2aUnitTests.csproj", "{46B769B8-2C58-4138-9CC0-70E3AE3C9A3A}"
EndProject
Project("{FAE04EC0-301F-11D3-BF4B-00C04F79EFBC}") = "TwofishCipher", "TwofishCipher\TwofishCipher.csproj", "{5CF675A5-9BEE-4720-BED9-D5BF14A2EBF9}"
EndProject
Project("{FAE04EC0-301F-11D3-BF4B-00C04F79EFBC}") = "JavaFileStorageBindings", "JavaFileStorageBindings\JavaFileStorageBindings.csproj", "{48574278-4779-4B3A-A9E4-9CF1BC285D0B}"
EndProject
Project("{FAE04EC0-301F-11D3-BF4B-00C04F79EFBC}") = "AndroidFileChooserBinding", "AndroidFileChooserBinding\AndroidFileChooserBinding.csproj", "{3C0F7FE5-639F-4422-A087-8B26CF862D1B}"
EndProject
Project("{FAE04EC0-301F-11D3-BF4B-00C04F79EFBC}") = "KP2AKdbLibraryBinding", "KP2AKdbLibraryBinding\KP2AKdbLibraryBinding.csproj", "{70D3844A-D9FA-4A64-B205-A84C6A822196}"
EndProject
Project("{FAE04EC0-301F-11D3-BF4B-00C04F79EFBC}") = "ArtTestApp", "ArtTestApp\ArtTestApp.csproj", "{1FF6C335-A627-43C9-AAA7-CBAC2E74CD18}"
EndProject
Project("{FAE04EC0-301F-11D3-BF4B-00C04F79EFBC}") = "PluginSdkBinding", "PluginSdkBinding\PluginSdkBinding.csproj", "{3DA3911E-36DE-465E-8F15-F1991B6437E5}"
EndProject
Global
	GlobalSection(SolutionConfigurationPlatforms) = preSolution
		Debug|Any CPU = Debug|Any CPU
		Debug|Mixed Platforms = Debug|Mixed Platforms
		Debug|Win32 = Debug|Win32
		Debug|x64 = Debug|x64
		Release|Any CPU = Release|Any CPU
		Release|Mixed Platforms = Release|Mixed Platforms
		Release|Win32 = Release|Win32
		Release|x64 = Release|x64
		ReleaseNoNet|Any CPU = ReleaseNoNet|Any CPU
		ReleaseNoNet|Mixed Platforms = ReleaseNoNet|Mixed Platforms
		ReleaseNoNet|Win32 = ReleaseNoNet|Win32
		ReleaseNoNet|x64 = ReleaseNoNet|x64
	EndGlobalSection
	GlobalSection(ProjectConfigurationPlatforms) = postSolution
		{545B4A6B-8BBA-4FBE-92FC-4AC060122A54}.Debug|Any CPU.ActiveCfg = Debug|Any CPU
		{545B4A6B-8BBA-4FBE-92FC-4AC060122A54}.Debug|Any CPU.Build.0 = Debug|Any CPU
		{545B4A6B-8BBA-4FBE-92FC-4AC060122A54}.Debug|Mixed Platforms.ActiveCfg = Debug|Any CPU
		{545B4A6B-8BBA-4FBE-92FC-4AC060122A54}.Debug|Mixed Platforms.Build.0 = Debug|Any CPU
		{545B4A6B-8BBA-4FBE-92FC-4AC060122A54}.Debug|Win32.ActiveCfg = Debug|Any CPU
		{545B4A6B-8BBA-4FBE-92FC-4AC060122A54}.Debug|Win32.Build.0 = Debug|Any CPU
		{545B4A6B-8BBA-4FBE-92FC-4AC060122A54}.Debug|x64.ActiveCfg = Debug|Any CPU
		{545B4A6B-8BBA-4FBE-92FC-4AC060122A54}.Debug|x64.Build.0 = Debug|Any CPU
		{545B4A6B-8BBA-4FBE-92FC-4AC060122A54}.Release|Any CPU.ActiveCfg = Release|Any CPU
		{545B4A6B-8BBA-4FBE-92FC-4AC060122A54}.Release|Any CPU.Build.0 = Release|Any CPU
		{545B4A6B-8BBA-4FBE-92FC-4AC060122A54}.Release|Mixed Platforms.ActiveCfg = Release|Any CPU
		{545B4A6B-8BBA-4FBE-92FC-4AC060122A54}.Release|Mixed Platforms.Build.0 = Release|Any CPU
		{545B4A6B-8BBA-4FBE-92FC-4AC060122A54}.Release|Win32.ActiveCfg = Release|Any CPU
		{545B4A6B-8BBA-4FBE-92FC-4AC060122A54}.Release|Win32.Build.0 = Release|Any CPU
		{545B4A6B-8BBA-4FBE-92FC-4AC060122A54}.Release|x64.ActiveCfg = Release|Any CPU
		{545B4A6B-8BBA-4FBE-92FC-4AC060122A54}.Release|x64.Build.0 = Release|Any CPU
		{545B4A6B-8BBA-4FBE-92FC-4AC060122A54}.ReleaseNoNet|Any CPU.ActiveCfg = ReleaseNoNet|Any CPU
		{545B4A6B-8BBA-4FBE-92FC-4AC060122A54}.ReleaseNoNet|Any CPU.Build.0 = ReleaseNoNet|Any CPU
		{545B4A6B-8BBA-4FBE-92FC-4AC060122A54}.ReleaseNoNet|Mixed Platforms.ActiveCfg = ReleaseNoNet|Any CPU
		{545B4A6B-8BBA-4FBE-92FC-4AC060122A54}.ReleaseNoNet|Mixed Platforms.Build.0 = ReleaseNoNet|Any CPU
		{545B4A6B-8BBA-4FBE-92FC-4AC060122A54}.ReleaseNoNet|Win32.ActiveCfg = ReleaseNoNet|Any CPU
		{545B4A6B-8BBA-4FBE-92FC-4AC060122A54}.ReleaseNoNet|x64.ActiveCfg = ReleaseNoNet|Any CPU
		{A6CF8A86-37C1-4197-80FE-519DE2C842F5}.Debug|Any CPU.ActiveCfg = Debug|Any CPU
		{A6CF8A86-37C1-4197-80FE-519DE2C842F5}.Debug|Any CPU.Build.0 = Debug|Any CPU
		{A6CF8A86-37C1-4197-80FE-519DE2C842F5}.Debug|Mixed Platforms.ActiveCfg = Debug|Any CPU
		{A6CF8A86-37C1-4197-80FE-519DE2C842F5}.Debug|Mixed Platforms.Build.0 = Debug|Any CPU
		{A6CF8A86-37C1-4197-80FE-519DE2C842F5}.Debug|Mixed Platforms.Deploy.0 = Debug|Any CPU
		{A6CF8A86-37C1-4197-80FE-519DE2C842F5}.Debug|Win32.ActiveCfg = Debug|Any CPU
		{A6CF8A86-37C1-4197-80FE-519DE2C842F5}.Debug|Win32.Build.0 = Debug|Any CPU
		{A6CF8A86-37C1-4197-80FE-519DE2C842F5}.Debug|x64.ActiveCfg = Debug|Any CPU
		{A6CF8A86-37C1-4197-80FE-519DE2C842F5}.Debug|x64.Build.0 = Debug|Any CPU
		{A6CF8A86-37C1-4197-80FE-519DE2C842F5}.Release|Any CPU.ActiveCfg = Release|Any CPU
		{A6CF8A86-37C1-4197-80FE-519DE2C842F5}.Release|Any CPU.Build.0 = Release|Any CPU
		{A6CF8A86-37C1-4197-80FE-519DE2C842F5}.Release|Mixed Platforms.ActiveCfg = Release|Any CPU
		{A6CF8A86-37C1-4197-80FE-519DE2C842F5}.Release|Mixed Platforms.Build.0 = Release|Any CPU
		{A6CF8A86-37C1-4197-80FE-519DE2C842F5}.Release|Mixed Platforms.Deploy.0 = Release|Any CPU
		{A6CF8A86-37C1-4197-80FE-519DE2C842F5}.Release|Win32.ActiveCfg = Release|Any CPU
		{A6CF8A86-37C1-4197-80FE-519DE2C842F5}.Release|Win32.Build.0 = Release|Any CPU
		{A6CF8A86-37C1-4197-80FE-519DE2C842F5}.Release|x64.ActiveCfg = Release|Any CPU
		{A6CF8A86-37C1-4197-80FE-519DE2C842F5}.Release|x64.Build.0 = Release|Any CPU
		{A6CF8A86-37C1-4197-80FE-519DE2C842F5}.ReleaseNoNet|Any CPU.ActiveCfg = ReleaseNoNet|Any CPU
		{A6CF8A86-37C1-4197-80FE-519DE2C842F5}.ReleaseNoNet|Any CPU.Build.0 = ReleaseNoNet|Any CPU
		{A6CF8A86-37C1-4197-80FE-519DE2C842F5}.ReleaseNoNet|Mixed Platforms.ActiveCfg = ReleaseNoNet|Any CPU
		{A6CF8A86-37C1-4197-80FE-519DE2C842F5}.ReleaseNoNet|Mixed Platforms.Build.0 = ReleaseNoNet|Any CPU
		{A6CF8A86-37C1-4197-80FE-519DE2C842F5}.ReleaseNoNet|Mixed Platforms.Deploy.0 = ReleaseNoNet|Any CPU
		{A6CF8A86-37C1-4197-80FE-519DE2C842F5}.ReleaseNoNet|Win32.ActiveCfg = ReleaseNoNet|Any CPU
		{A6CF8A86-37C1-4197-80FE-519DE2C842F5}.ReleaseNoNet|x64.ActiveCfg = ReleaseNoNet|Any CPU
		{A8779D4D-7C49-4C2F-82BD-2CDC448391DA}.Debug|Any CPU.ActiveCfg = Debug|Any CPU
		{A8779D4D-7C49-4C2F-82BD-2CDC448391DA}.Debug|Any CPU.Build.0 = Debug|Any CPU
		{A8779D4D-7C49-4C2F-82BD-2CDC448391DA}.Debug|Mixed Platforms.ActiveCfg = Debug|Any CPU
		{A8779D4D-7C49-4C2F-82BD-2CDC448391DA}.Debug|Mixed Platforms.Build.0 = Debug|Any CPU
		{A8779D4D-7C49-4C2F-82BD-2CDC448391DA}.Debug|Win32.ActiveCfg = Debug|Any CPU
		{A8779D4D-7C49-4C2F-82BD-2CDC448391DA}.Debug|Win32.Build.0 = Debug|Any CPU
		{A8779D4D-7C49-4C2F-82BD-2CDC448391DA}.Debug|x64.ActiveCfg = Debug|Any CPU
		{A8779D4D-7C49-4C2F-82BD-2CDC448391DA}.Debug|x64.Build.0 = Debug|Any CPU
		{A8779D4D-7C49-4C2F-82BD-2CDC448391DA}.Release|Any CPU.ActiveCfg = Release|Any CPU
		{A8779D4D-7C49-4C2F-82BD-2CDC448391DA}.Release|Any CPU.Build.0 = Release|Any CPU
		{A8779D4D-7C49-4C2F-82BD-2CDC448391DA}.Release|Mixed Platforms.ActiveCfg = Release|Any CPU
		{A8779D4D-7C49-4C2F-82BD-2CDC448391DA}.Release|Mixed Platforms.Build.0 = Release|Any CPU
		{A8779D4D-7C49-4C2F-82BD-2CDC448391DA}.Release|Win32.ActiveCfg = Release|Any CPU
		{A8779D4D-7C49-4C2F-82BD-2CDC448391DA}.Release|Win32.Build.0 = Release|Any CPU
		{A8779D4D-7C49-4C2F-82BD-2CDC448391DA}.Release|x64.ActiveCfg = Release|Any CPU
		{A8779D4D-7C49-4C2F-82BD-2CDC448391DA}.Release|x64.Build.0 = Release|Any CPU
		{A8779D4D-7C49-4C2F-82BD-2CDC448391DA}.ReleaseNoNet|Any CPU.ActiveCfg = Debug|Any CPU
		{A8779D4D-7C49-4C2F-82BD-2CDC448391DA}.ReleaseNoNet|Any CPU.Build.0 = Debug|Any CPU
		{A8779D4D-7C49-4C2F-82BD-2CDC448391DA}.ReleaseNoNet|Mixed Platforms.ActiveCfg = ReleaseNoNet|Any CPU
		{A8779D4D-7C49-4C2F-82BD-2CDC448391DA}.ReleaseNoNet|Mixed Platforms.Build.0 = ReleaseNoNet|Any CPU
		{A8779D4D-7C49-4C2F-82BD-2CDC448391DA}.ReleaseNoNet|Win32.ActiveCfg = Release|Any CPU
		{A8779D4D-7C49-4C2F-82BD-2CDC448391DA}.ReleaseNoNet|x64.ActiveCfg = Release|Any CPU
		{53A9CB7F-6553-4BC0-B56B-9410BB2E59AA}.Debug|Any CPU.ActiveCfg = Debug|Any CPU
		{53A9CB7F-6553-4BC0-B56B-9410BB2E59AA}.Debug|Any CPU.Build.0 = Debug|Any CPU
		{53A9CB7F-6553-4BC0-B56B-9410BB2E59AA}.Debug|Mixed Platforms.ActiveCfg = Debug|Any CPU
		{53A9CB7F-6553-4BC0-B56B-9410BB2E59AA}.Debug|Mixed Platforms.Build.0 = Debug|Any CPU
		{53A9CB7F-6553-4BC0-B56B-9410BB2E59AA}.Debug|Win32.ActiveCfg = Debug|Any CPU
		{53A9CB7F-6553-4BC0-B56B-9410BB2E59AA}.Debug|x64.ActiveCfg = Debug|Any CPU
		{53A9CB7F-6553-4BC0-B56B-9410BB2E59AA}.Release|Any CPU.ActiveCfg = Release|Any CPU
		{53A9CB7F-6553-4BC0-B56B-9410BB2E59AA}.Release|Any CPU.Build.0 = Release|Any CPU
		{53A9CB7F-6553-4BC0-B56B-9410BB2E59AA}.Release|Mixed Platforms.ActiveCfg = Release|Any CPU
		{53A9CB7F-6553-4BC0-B56B-9410BB2E59AA}.Release|Mixed Platforms.Build.0 = Release|Any CPU
		{53A9CB7F-6553-4BC0-B56B-9410BB2E59AA}.Release|Win32.ActiveCfg = Release|Any CPU
		{53A9CB7F-6553-4BC0-B56B-9410BB2E59AA}.Release|x64.ActiveCfg = Release|Any CPU
		{53A9CB7F-6553-4BC0-B56B-9410BB2E59AA}.ReleaseNoNet|Any CPU.ActiveCfg = Release|Any CPU
		{53A9CB7F-6553-4BC0-B56B-9410BB2E59AA}.ReleaseNoNet|Any CPU.Build.0 = Release|Any CPU
		{53A9CB7F-6553-4BC0-B56B-9410BB2E59AA}.ReleaseNoNet|Mixed Platforms.ActiveCfg = ReleaseNoNet|Any CPU
		{53A9CB7F-6553-4BC0-B56B-9410BB2E59AA}.ReleaseNoNet|Mixed Platforms.Build.0 = ReleaseNoNet|Any CPU
		{53A9CB7F-6553-4BC0-B56B-9410BB2E59AA}.ReleaseNoNet|Win32.ActiveCfg = Release|Any CPU
		{53A9CB7F-6553-4BC0-B56B-9410BB2E59AA}.ReleaseNoNet|x64.ActiveCfg = Release|Any CPU
		{A5F8FB02-00E0-4335-91EF-AEAA2C2F3C48}.Debug|Any CPU.ActiveCfg = Debug|Any CPU
		{A5F8FB02-00E0-4335-91EF-AEAA2C2F3C48}.Debug|Any CPU.Build.0 = Debug|Any CPU
		{A5F8FB02-00E0-4335-91EF-AEAA2C2F3C48}.Debug|Mixed Platforms.ActiveCfg = Debug|Any CPU
		{A5F8FB02-00E0-4335-91EF-AEAA2C2F3C48}.Debug|Mixed Platforms.Build.0 = Debug|Any CPU
		{A5F8FB02-00E0-4335-91EF-AEAA2C2F3C48}.Debug|Win32.ActiveCfg = Debug|Any CPU
		{A5F8FB02-00E0-4335-91EF-AEAA2C2F3C48}.Debug|x64.ActiveCfg = Debug|Any CPU
		{A5F8FB02-00E0-4335-91EF-AEAA2C2F3C48}.Release|Any CPU.ActiveCfg = Release|Any CPU
		{A5F8FB02-00E0-4335-91EF-AEAA2C2F3C48}.Release|Any CPU.Build.0 = Release|Any CPU
		{A5F8FB02-00E0-4335-91EF-AEAA2C2F3C48}.Release|Mixed Platforms.ActiveCfg = Release|Any CPU
		{A5F8FB02-00E0-4335-91EF-AEAA2C2F3C48}.Release|Mixed Platforms.Build.0 = Release|Any CPU
		{A5F8FB02-00E0-4335-91EF-AEAA2C2F3C48}.Release|Win32.ActiveCfg = Release|Any CPU
		{A5F8FB02-00E0-4335-91EF-AEAA2C2F3C48}.Release|x64.ActiveCfg = Release|Any CPU
		{A5F8FB02-00E0-4335-91EF-AEAA2C2F3C48}.ReleaseNoNet|Any CPU.ActiveCfg = ReleaseNoNet|Any CPU
		{A5F8FB02-00E0-4335-91EF-AEAA2C2F3C48}.ReleaseNoNet|Any CPU.Build.0 = ReleaseNoNet|Any CPU
		{A5F8FB02-00E0-4335-91EF-AEAA2C2F3C48}.ReleaseNoNet|Mixed Platforms.ActiveCfg = ReleaseNoNet|Any CPU
		{A5F8FB02-00E0-4335-91EF-AEAA2C2F3C48}.ReleaseNoNet|Mixed Platforms.Build.0 = ReleaseNoNet|Any CPU
		{A5F8FB02-00E0-4335-91EF-AEAA2C2F3C48}.ReleaseNoNet|Win32.ActiveCfg = ReleaseNoNet|Any CPU
		{A5F8FB02-00E0-4335-91EF-AEAA2C2F3C48}.ReleaseNoNet|x64.ActiveCfg = ReleaseNoNet|Any CPU
		{46B769B8-2C58-4138-9CC0-70E3AE3C9A3A}.Debug|Any CPU.ActiveCfg = Debug|Any CPU
		{46B769B8-2C58-4138-9CC0-70E3AE3C9A3A}.Debug|Any CPU.Build.0 = Debug|Any CPU
		{46B769B8-2C58-4138-9CC0-70E3AE3C9A3A}.Debug|Any CPU.Deploy.0 = Debug|Any CPU
		{46B769B8-2C58-4138-9CC0-70E3AE3C9A3A}.Debug|Mixed Platforms.ActiveCfg = Debug|Any CPU
		{46B769B8-2C58-4138-9CC0-70E3AE3C9A3A}.Debug|Mixed Platforms.Build.0 = Debug|Any CPU
		{46B769B8-2C58-4138-9CC0-70E3AE3C9A3A}.Debug|Mixed Platforms.Deploy.0 = Debug|Any CPU
		{46B769B8-2C58-4138-9CC0-70E3AE3C9A3A}.Debug|Win32.ActiveCfg = Debug|Any CPU
		{46B769B8-2C58-4138-9CC0-70E3AE3C9A3A}.Debug|x64.ActiveCfg = Debug|Any CPU
		{46B769B8-2C58-4138-9CC0-70E3AE3C9A3A}.Release|Any CPU.ActiveCfg = Release|Any CPU
		{46B769B8-2C58-4138-9CC0-70E3AE3C9A3A}.Release|Any CPU.Build.0 = Release|Any CPU
		{46B769B8-2C58-4138-9CC0-70E3AE3C9A3A}.Release|Any CPU.Deploy.0 = Release|Any CPU
		{46B769B8-2C58-4138-9CC0-70E3AE3C9A3A}.Release|Mixed Platforms.ActiveCfg = Release|Any CPU
		{46B769B8-2C58-4138-9CC0-70E3AE3C9A3A}.Release|Mixed Platforms.Build.0 = Release|Any CPU
		{46B769B8-2C58-4138-9CC0-70E3AE3C9A3A}.Release|Mixed Platforms.Deploy.0 = Release|Any CPU
		{46B769B8-2C58-4138-9CC0-70E3AE3C9A3A}.Release|Win32.ActiveCfg = Release|Any CPU
		{46B769B8-2C58-4138-9CC0-70E3AE3C9A3A}.Release|x64.ActiveCfg = Release|Any CPU
		{46B769B8-2C58-4138-9CC0-70E3AE3C9A3A}.ReleaseNoNet|Any CPU.ActiveCfg = Release|Any CPU
		{46B769B8-2C58-4138-9CC0-70E3AE3C9A3A}.ReleaseNoNet|Any CPU.Build.0 = Release|Any CPU
		{46B769B8-2C58-4138-9CC0-70E3AE3C9A3A}.ReleaseNoNet|Any CPU.Deploy.0 = Release|Any CPU
		{46B769B8-2C58-4138-9CC0-70E3AE3C9A3A}.ReleaseNoNet|Mixed Platforms.ActiveCfg = ReleaseNoNet|Any CPU
		{46B769B8-2C58-4138-9CC0-70E3AE3C9A3A}.ReleaseNoNet|Mixed Platforms.Build.0 = ReleaseNoNet|Any CPU
		{46B769B8-2C58-4138-9CC0-70E3AE3C9A3A}.ReleaseNoNet|Mixed Platforms.Deploy.0 = ReleaseNoNet|Any CPU
		{46B769B8-2C58-4138-9CC0-70E3AE3C9A3A}.ReleaseNoNet|Win32.ActiveCfg = Release|Any CPU
		{46B769B8-2C58-4138-9CC0-70E3AE3C9A3A}.ReleaseNoNet|x64.ActiveCfg = Release|Any CPU
		{5CF675A5-9BEE-4720-BED9-D5BF14A2EBF9}.Debug|Any CPU.ActiveCfg = Debug|Any CPU
		{5CF675A5-9BEE-4720-BED9-D5BF14A2EBF9}.Debug|Any CPU.Build.0 = Debug|Any CPU
		{5CF675A5-9BEE-4720-BED9-D5BF14A2EBF9}.Debug|Mixed Platforms.ActiveCfg = Debug|Any CPU
		{5CF675A5-9BEE-4720-BED9-D5BF14A2EBF9}.Debug|Mixed Platforms.Build.0 = Debug|Any CPU
		{5CF675A5-9BEE-4720-BED9-D5BF14A2EBF9}.Debug|Win32.ActiveCfg = Debug|Any CPU
		{5CF675A5-9BEE-4720-BED9-D5BF14A2EBF9}.Debug|x64.ActiveCfg = Debug|Any CPU
		{5CF675A5-9BEE-4720-BED9-D5BF14A2EBF9}.Release|Any CPU.ActiveCfg = Release|Any CPU
		{5CF675A5-9BEE-4720-BED9-D5BF14A2EBF9}.Release|Any CPU.Build.0 = Release|Any CPU
		{5CF675A5-9BEE-4720-BED9-D5BF14A2EBF9}.Release|Mixed Platforms.ActiveCfg = Release|Any CPU
		{5CF675A5-9BEE-4720-BED9-D5BF14A2EBF9}.Release|Mixed Platforms.Build.0 = Release|Any CPU
		{5CF675A5-9BEE-4720-BED9-D5BF14A2EBF9}.Release|Win32.ActiveCfg = Release|Any CPU
		{5CF675A5-9BEE-4720-BED9-D5BF14A2EBF9}.Release|x64.ActiveCfg = Release|Any CPU
		{5CF675A5-9BEE-4720-BED9-D5BF14A2EBF9}.ReleaseNoNet|Any CPU.ActiveCfg = Release|Any CPU
		{5CF675A5-9BEE-4720-BED9-D5BF14A2EBF9}.ReleaseNoNet|Any CPU.Build.0 = Release|Any CPU
		{5CF675A5-9BEE-4720-BED9-D5BF14A2EBF9}.ReleaseNoNet|Mixed Platforms.ActiveCfg = ReleaseNoNet|Any CPU
		{5CF675A5-9BEE-4720-BED9-D5BF14A2EBF9}.ReleaseNoNet|Mixed Platforms.Build.0 = ReleaseNoNet|Any CPU
		{5CF675A5-9BEE-4720-BED9-D5BF14A2EBF9}.ReleaseNoNet|Win32.ActiveCfg = Release|Any CPU
		{5CF675A5-9BEE-4720-BED9-D5BF14A2EBF9}.ReleaseNoNet|x64.ActiveCfg = Release|Any CPU
		{48574278-4779-4B3A-A9E4-9CF1BC285D0B}.Debug|Any CPU.ActiveCfg = Debug|Any CPU
		{48574278-4779-4B3A-A9E4-9CF1BC285D0B}.Debug|Any CPU.Build.0 = Debug|Any CPU
		{48574278-4779-4B3A-A9E4-9CF1BC285D0B}.Debug|Mixed Platforms.ActiveCfg = Debug|Any CPU
		{48574278-4779-4B3A-A9E4-9CF1BC285D0B}.Debug|Mixed Platforms.Build.0 = Debug|Any CPU
		{48574278-4779-4B3A-A9E4-9CF1BC285D0B}.Debug|Win32.ActiveCfg = Debug|Any CPU
		{48574278-4779-4B3A-A9E4-9CF1BC285D0B}.Debug|x64.ActiveCfg = Debug|Any CPU
		{48574278-4779-4B3A-A9E4-9CF1BC285D0B}.Release|Any CPU.ActiveCfg = Release|Any CPU
		{48574278-4779-4B3A-A9E4-9CF1BC285D0B}.Release|Any CPU.Build.0 = Release|Any CPU
		{48574278-4779-4B3A-A9E4-9CF1BC285D0B}.Release|Mixed Platforms.ActiveCfg = Release|Any CPU
		{48574278-4779-4B3A-A9E4-9CF1BC285D0B}.Release|Mixed Platforms.Build.0 = Release|Any CPU
		{48574278-4779-4B3A-A9E4-9CF1BC285D0B}.Release|Win32.ActiveCfg = Release|Any CPU
		{48574278-4779-4B3A-A9E4-9CF1BC285D0B}.Release|x64.ActiveCfg = Release|Any CPU
		{48574278-4779-4B3A-A9E4-9CF1BC285D0B}.ReleaseNoNet|Any CPU.ActiveCfg = Release|Any CPU
		{48574278-4779-4B3A-A9E4-9CF1BC285D0B}.ReleaseNoNet|Any CPU.Build.0 = Release|Any CPU
		{48574278-4779-4B3A-A9E4-9CF1BC285D0B}.ReleaseNoNet|Mixed Platforms.ActiveCfg = ReleaseNoNet|Any CPU
		{48574278-4779-4B3A-A9E4-9CF1BC285D0B}.ReleaseNoNet|Mixed Platforms.Build.0 = ReleaseNoNet|Any CPU
		{48574278-4779-4B3A-A9E4-9CF1BC285D0B}.ReleaseNoNet|Win32.ActiveCfg = Release|Any CPU
		{48574278-4779-4B3A-A9E4-9CF1BC285D0B}.ReleaseNoNet|x64.ActiveCfg = Release|Any CPU
		{3C0F7FE5-639F-4422-A087-8B26CF862D1B}.Debug|Any CPU.ActiveCfg = Debug|Any CPU
		{3C0F7FE5-639F-4422-A087-8B26CF862D1B}.Debug|Any CPU.Build.0 = Debug|Any CPU
		{3C0F7FE5-639F-4422-A087-8B26CF862D1B}.Debug|Mixed Platforms.ActiveCfg = Debug|Any CPU
		{3C0F7FE5-639F-4422-A087-8B26CF862D1B}.Debug|Mixed Platforms.Build.0 = Debug|Any CPU
		{3C0F7FE5-639F-4422-A087-8B26CF862D1B}.Debug|Win32.ActiveCfg = Debug|Any CPU
		{3C0F7FE5-639F-4422-A087-8B26CF862D1B}.Debug|x64.ActiveCfg = Debug|Any CPU
		{3C0F7FE5-639F-4422-A087-8B26CF862D1B}.Release|Any CPU.ActiveCfg = Release|Any CPU
		{3C0F7FE5-639F-4422-A087-8B26CF862D1B}.Release|Any CPU.Build.0 = Release|Any CPU
		{3C0F7FE5-639F-4422-A087-8B26CF862D1B}.Release|Mixed Platforms.ActiveCfg = Release|Any CPU
		{3C0F7FE5-639F-4422-A087-8B26CF862D1B}.Release|Mixed Platforms.Build.0 = Release|Any CPU
		{3C0F7FE5-639F-4422-A087-8B26CF862D1B}.Release|Win32.ActiveCfg = Release|Any CPU
		{3C0F7FE5-639F-4422-A087-8B26CF862D1B}.Release|x64.ActiveCfg = Release|Any CPU
		{3C0F7FE5-639F-4422-A087-8B26CF862D1B}.ReleaseNoNet|Any CPU.ActiveCfg = Release|Any CPU
		{3C0F7FE5-639F-4422-A087-8B26CF862D1B}.ReleaseNoNet|Any CPU.Build.0 = Release|Any CPU
		{3C0F7FE5-639F-4422-A087-8B26CF862D1B}.ReleaseNoNet|Mixed Platforms.ActiveCfg = ReleaseNoNet|Any CPU
		{3C0F7FE5-639F-4422-A087-8B26CF862D1B}.ReleaseNoNet|Mixed Platforms.Build.0 = ReleaseNoNet|Any CPU
		{3C0F7FE5-639F-4422-A087-8B26CF862D1B}.ReleaseNoNet|Win32.ActiveCfg = Release|Any CPU
		{3C0F7FE5-639F-4422-A087-8B26CF862D1B}.ReleaseNoNet|x64.ActiveCfg = Release|Any CPU
		{70D3844A-D9FA-4A64-B205-A84C6A822196}.Debug|Any CPU.ActiveCfg = Debug|Any CPU
		{70D3844A-D9FA-4A64-B205-A84C6A822196}.Debug|Any CPU.Build.0 = Debug|Any CPU
		{70D3844A-D9FA-4A64-B205-A84C6A822196}.Debug|Mixed Platforms.ActiveCfg = Debug|Any CPU
		{70D3844A-D9FA-4A64-B205-A84C6A822196}.Debug|Mixed Platforms.Build.0 = Debug|Any CPU
		{70D3844A-D9FA-4A64-B205-A84C6A822196}.Debug|Win32.ActiveCfg = Debug|Any CPU
		{70D3844A-D9FA-4A64-B205-A84C6A822196}.Debug|x64.ActiveCfg = Debug|Any CPU
		{70D3844A-D9FA-4A64-B205-A84C6A822196}.Release|Any CPU.ActiveCfg = Release|Any CPU
		{70D3844A-D9FA-4A64-B205-A84C6A822196}.Release|Any CPU.Build.0 = Release|Any CPU
		{70D3844A-D9FA-4A64-B205-A84C6A822196}.Release|Mixed Platforms.ActiveCfg = Release|Any CPU
		{70D3844A-D9FA-4A64-B205-A84C6A822196}.Release|Mixed Platforms.Build.0 = Release|Any CPU
		{70D3844A-D9FA-4A64-B205-A84C6A822196}.Release|Win32.ActiveCfg = Release|Any CPU
		{70D3844A-D9FA-4A64-B205-A84C6A822196}.Release|x64.ActiveCfg = Release|Any CPU
		{70D3844A-D9FA-4A64-B205-A84C6A822196}.ReleaseNoNet|Any CPU.ActiveCfg = Release|Any CPU
		{70D3844A-D9FA-4A64-B205-A84C6A822196}.ReleaseNoNet|Any CPU.Build.0 = Release|Any CPU
		{70D3844A-D9FA-4A64-B205-A84C6A822196}.ReleaseNoNet|Mixed Platforms.ActiveCfg = ReleaseNoNet|Any CPU
		{70D3844A-D9FA-4A64-B205-A84C6A822196}.ReleaseNoNet|Mixed Platforms.Build.0 = ReleaseNoNet|Any CPU
		{70D3844A-D9FA-4A64-B205-A84C6A822196}.ReleaseNoNet|Win32.ActiveCfg = Release|Any CPU
		{70D3844A-D9FA-4A64-B205-A84C6A822196}.ReleaseNoNet|x64.ActiveCfg = Release|Any CPU
		{1FF6C335-A627-43C9-AAA7-CBAC2E74CD18}.Debug|Any CPU.ActiveCfg = Debug|Any CPU
		{1FF6C335-A627-43C9-AAA7-CBAC2E74CD18}.Debug|Any CPU.Build.0 = Debug|Any CPU
		{1FF6C335-A627-43C9-AAA7-CBAC2E74CD18}.Debug|Any CPU.Deploy.0 = Debug|Any CPU
		{1FF6C335-A627-43C9-AAA7-CBAC2E74CD18}.Debug|Mixed Platforms.ActiveCfg = Debug|Any CPU
		{1FF6C335-A627-43C9-AAA7-CBAC2E74CD18}.Debug|Mixed Platforms.Build.0 = Debug|Any CPU
		{1FF6C335-A627-43C9-AAA7-CBAC2E74CD18}.Debug|Mixed Platforms.Deploy.0 = Debug|Any CPU
		{1FF6C335-A627-43C9-AAA7-CBAC2E74CD18}.Debug|Win32.ActiveCfg = Debug|Any CPU
		{1FF6C335-A627-43C9-AAA7-CBAC2E74CD18}.Debug|x64.ActiveCfg = Debug|Any CPU
		{1FF6C335-A627-43C9-AAA7-CBAC2E74CD18}.Release|Any CPU.ActiveCfg = Release|Any CPU
		{1FF6C335-A627-43C9-AAA7-CBAC2E74CD18}.Release|Any CPU.Build.0 = Release|Any CPU
		{1FF6C335-A627-43C9-AAA7-CBAC2E74CD18}.Release|Any CPU.Deploy.0 = Release|Any CPU
		{1FF6C335-A627-43C9-AAA7-CBAC2E74CD18}.Release|Mixed Platforms.ActiveCfg = Release|Any CPU
		{1FF6C335-A627-43C9-AAA7-CBAC2E74CD18}.Release|Mixed Platforms.Build.0 = Release|Any CPU
		{1FF6C335-A627-43C9-AAA7-CBAC2E74CD18}.Release|Mixed Platforms.Deploy.0 = Release|Any CPU
		{1FF6C335-A627-43C9-AAA7-CBAC2E74CD18}.Release|Win32.ActiveCfg = Release|Any CPU
		{1FF6C335-A627-43C9-AAA7-CBAC2E74CD18}.Release|x64.ActiveCfg = Release|Any CPU
		{1FF6C335-A627-43C9-AAA7-CBAC2E74CD18}.ReleaseNoNet|Any CPU.ActiveCfg = Release|Any CPU
		{1FF6C335-A627-43C9-AAA7-CBAC2E74CD18}.ReleaseNoNet|Any CPU.Build.0 = Release|Any CPU
		{1FF6C335-A627-43C9-AAA7-CBAC2E74CD18}.ReleaseNoNet|Any CPU.Deploy.0 = Release|Any CPU
		{1FF6C335-A627-43C9-AAA7-CBAC2E74CD18}.ReleaseNoNet|Mixed Platforms.ActiveCfg = Release|Any CPU
		{1FF6C335-A627-43C9-AAA7-CBAC2E74CD18}.ReleaseNoNet|Mixed Platforms.Build.0 = Release|Any CPU
		{1FF6C335-A627-43C9-AAA7-CBAC2E74CD18}.ReleaseNoNet|Mixed Platforms.Deploy.0 = Release|Any CPU
		{1FF6C335-A627-43C9-AAA7-CBAC2E74CD18}.ReleaseNoNet|Win32.ActiveCfg = Release|Any CPU
		{1FF6C335-A627-43C9-AAA7-CBAC2E74CD18}.ReleaseNoNet|x64.ActiveCfg = Release|Any CPU
		{3DA3911E-36DE-465E-8F15-F1991B6437E5}.Debug|Any CPU.ActiveCfg = Debug|Any CPU
		{3DA3911E-36DE-465E-8F15-F1991B6437E5}.Debug|Any CPU.Build.0 = Debug|Any CPU
		{3DA3911E-36DE-465E-8F15-F1991B6437E5}.Debug|Mixed Platforms.ActiveCfg = Debug|Any CPU
		{3DA3911E-36DE-465E-8F15-F1991B6437E5}.Debug|Mixed Platforms.Build.0 = Debug|Any CPU
		{3DA3911E-36DE-465E-8F15-F1991B6437E5}.Debug|Win32.ActiveCfg = Debug|Any CPU
		{3DA3911E-36DE-465E-8F15-F1991B6437E5}.Debug|x64.ActiveCfg = Debug|Any CPU
		{3DA3911E-36DE-465E-8F15-F1991B6437E5}.Release|Any CPU.ActiveCfg = Release|Any CPU
		{3DA3911E-36DE-465E-8F15-F1991B6437E5}.Release|Any CPU.Build.0 = Release|Any CPU
		{3DA3911E-36DE-465E-8F15-F1991B6437E5}.Release|Mixed Platforms.ActiveCfg = Release|Any CPU
		{3DA3911E-36DE-465E-8F15-F1991B6437E5}.Release|Mixed Platforms.Build.0 = Release|Any CPU
		{3DA3911E-36DE-465E-8F15-F1991B6437E5}.Release|Win32.ActiveCfg = Release|Any CPU
		{3DA3911E-36DE-465E-8F15-F1991B6437E5}.Release|x64.ActiveCfg = Release|Any CPU
		{3DA3911E-36DE-465E-8F15-F1991B6437E5}.ReleaseNoNet|Any CPU.ActiveCfg = Release|Any CPU
		{3DA3911E-36DE-465E-8F15-F1991B6437E5}.ReleaseNoNet|Any CPU.Build.0 = Release|Any CPU
		{3DA3911E-36DE-465E-8F15-F1991B6437E5}.ReleaseNoNet|Mixed Platforms.ActiveCfg = Release|Any CPU
		{3DA3911E-36DE-465E-8F15-F1991B6437E5}.ReleaseNoNet|Mixed Platforms.Build.0 = Release|Any CPU
		{3DA3911E-36DE-465E-8F15-F1991B6437E5}.ReleaseNoNet|Win32.ActiveCfg = Release|Any CPU
		{3DA3911E-36DE-465E-8F15-F1991B6437E5}.ReleaseNoNet|x64.ActiveCfg = Release|Any CPU
	EndGlobalSection
	GlobalSection(SolutionProperties) = preSolution
		HideSolutionNode = FALSE
	EndGlobalSection
	GlobalSection(MonoDevelopProperties) = preSolution
		StartupItem = keepass2android\keepass2android.csproj
		Policies = $0
		$0.DotNetNamingPolicy = $1
		$1.DirectoryNamespaceAssociation = None
		$1.ResourceNamePolicy = FileFormatDefault
		$0.TextStylePolicy = $5
		$2.FileWidth = 120
		$2.TabsToSpaces = False
		$2.inheritsSet = VisualStudio
		$2.inheritsScope = text/plain
		$2.scope = text/x-csharp
		$0.CSharpFormattingPolicy = $3
		$3.IndentSwitchBody = True
		$3.AnonymousMethodBraceStyle = NextLine
		$3.PropertyBraceStyle = NextLine
		$3.PropertyGetBraceStyle = NextLine
		$3.PropertySetBraceStyle = NextLine
		$3.EventBraceStyle = NextLine
		$3.EventAddBraceStyle = NextLine
		$3.EventRemoveBraceStyle = NextLine
		$3.StatementBraceStyle = NextLine
		$3.ArrayInitializerBraceStyle = NextLine
		$3.BeforeMethodDeclarationParentheses = False
		$3.BeforeMethodCallParentheses = False
		$3.BeforeConstructorDeclarationParentheses = False
		$3.BeforeDelegateDeclarationParentheses = False
		$3.NewParentheses = False
		$3.inheritsSet = Mono
		$3.inheritsScope = text/x-csharp
		$3.scope = text/x-csharp
		$4.FileWidth = 120
		$4.TabsToSpaces = False
		$4.inheritsSet = VisualStudio
		$4.inheritsScope = text/plain
		$4.scope = text/plain
		$5.inheritsSet = null
		$5.scope = application/xml
		$0.XmlFormattingPolicy = $6
		$6.inheritsSet = Mono
		$6.inheritsScope = application/xml
		$6.scope = application/xml
		$0.StandardHeader = $7
		$7.Text = @/*\nThis file is part of Keepass2Android, Copyright 2013 Philipp Crocoll.\n\n  Keepass2Android is free software: you can redistribute it and/or modify\n  it under the terms of the GNU General Public License as published by\n  the Free Software Foundation, either version 2 of the License, or\n  (at your option) any later version.\n\n  Keepass2Android is distributed in the hope that it will be useful,\n  but WITHOUT ANY WARRANTY; without even the implied warranty of\n  MERCHANTABILITY or FITNESS FOR A PARTICULAR PURPOSE.  See the\n  GNU General Public License for more details.\n\n  You should have received a copy of the GNU General Public License\n  along with Keepass2Android.  If not, see <http://www.gnu.org/licenses/>.\n  */\n
		$7.IncludeInNewFiles = True
	EndGlobalSection
EndGlobal
