
Microsoft Visual Studio Solution File, Format Version 11.00
# Visual Studio 2010
Project("{FAE04EC0-301F-11D3-BF4B-00C04F79EFBC}") = "KeePassLib2Android", "KeePassLib2Android\KeePassLib2Android.csproj", "{545B4A6B-8BBA-4FBE-92FC-4AC060122A54}"
EndProject
Project("{FAE04EC0-301F-11D3-BF4B-00C04F79EFBC}") = "keepass2android", "keepass2android\keepass2android.csproj", "{A6CF8A86-37C1-4197-80FE-519DE2C842F5}"
EndProject
Global
	GlobalSection(SolutionConfigurationPlatforms) = preSolution
		Debug|Any CPU = Debug|Any CPU
		Debug|Mixed Platforms = Debug|Mixed Platforms
		Debug|Win32 = Debug|Win32
		Debug|x64 = Debug|x64
		Release|Any CPU = Release|Any CPU
		Release|Mixed Platforms = Release|Mixed Platforms
		Release|Win32 = Release|Win32
		Release|x64 = Release|x64
		ReleaseNoNet|Any CPU = ReleaseNoNet|Any CPU
	EndGlobalSection
	GlobalSection(ProjectConfigurationPlatforms) = postSolution
		{545B4A6B-8BBA-4FBE-92FC-4AC060122A54}.Debug|Any CPU.ActiveCfg = Debug|Any CPU
		{545B4A6B-8BBA-4FBE-92FC-4AC060122A54}.Debug|Any CPU.Build.0 = Debug|Any CPU
		{545B4A6B-8BBA-4FBE-92FC-4AC060122A54}.Debug|Mixed Platforms.ActiveCfg = Debug|Any CPU
		{545B4A6B-8BBA-4FBE-92FC-4AC060122A54}.Debug|Mixed Platforms.Build.0 = Debug|Any CPU
		{545B4A6B-8BBA-4FBE-92FC-4AC060122A54}.Debug|Win32.ActiveCfg = Debug|Any CPU
		{545B4A6B-8BBA-4FBE-92FC-4AC060122A54}.Debug|Win32.Build.0 = Debug|Any CPU
		{545B4A6B-8BBA-4FBE-92FC-4AC060122A54}.Debug|x64.ActiveCfg = Debug|Any CPU
		{545B4A6B-8BBA-4FBE-92FC-4AC060122A54}.Debug|x64.Build.0 = Debug|Any CPU
		{545B4A6B-8BBA-4FBE-92FC-4AC060122A54}.Release|Any CPU.ActiveCfg = Release|Any CPU
		{545B4A6B-8BBA-4FBE-92FC-4AC060122A54}.Release|Any CPU.Build.0 = Release|Any CPU
		{545B4A6B-8BBA-4FBE-92FC-4AC060122A54}.Release|Mixed Platforms.ActiveCfg = Release|Any CPU
		{545B4A6B-8BBA-4FBE-92FC-4AC060122A54}.Release|Mixed Platforms.Build.0 = Release|Any CPU
		{545B4A6B-8BBA-4FBE-92FC-4AC060122A54}.Release|Win32.ActiveCfg = Release|Any CPU
		{545B4A6B-8BBA-4FBE-92FC-4AC060122A54}.Release|Win32.Build.0 = Release|Any CPU
		{545B4A6B-8BBA-4FBE-92FC-4AC060122A54}.Release|x64.ActiveCfg = Release|Any CPU
		{545B4A6B-8BBA-4FBE-92FC-4AC060122A54}.Release|x64.Build.0 = Release|Any CPU
		{545B4A6B-8BBA-4FBE-92FC-4AC060122A54}.ReleaseNoNet|Any CPU.ActiveCfg = ReleaseNoNet|Any CPU
		{545B4A6B-8BBA-4FBE-92FC-4AC060122A54}.ReleaseNoNet|Any CPU.Build.0 = ReleaseNoNet|Any CPU
		{A6CF8A86-37C1-4197-80FE-519DE2C842F5}.Debug|Any CPU.ActiveCfg = Debug|Any CPU
		{A6CF8A86-37C1-4197-80FE-519DE2C842F5}.Debug|Any CPU.Build.0 = Debug|Any CPU
		{A6CF8A86-37C1-4197-80FE-519DE2C842F5}.Debug|Mixed Platforms.ActiveCfg = Debug|Any CPU
		{A6CF8A86-37C1-4197-80FE-519DE2C842F5}.Debug|Mixed Platforms.Build.0 = Debug|Any CPU
		{A6CF8A86-37C1-4197-80FE-519DE2C842F5}.Debug|Win32.ActiveCfg = Debug|Any CPU
		{A6CF8A86-37C1-4197-80FE-519DE2C842F5}.Debug|Win32.Build.0 = Debug|Any CPU
		{A6CF8A86-37C1-4197-80FE-519DE2C842F5}.Debug|x64.ActiveCfg = Debug|Any CPU
		{A6CF8A86-37C1-4197-80FE-519DE2C842F5}.Debug|x64.Build.0 = Debug|Any CPU
		{A6CF8A86-37C1-4197-80FE-519DE2C842F5}.Release|Any CPU.ActiveCfg = Release|Any CPU
		{A6CF8A86-37C1-4197-80FE-519DE2C842F5}.Release|Any CPU.Build.0 = Release|Any CPU
		{A6CF8A86-37C1-4197-80FE-519DE2C842F5}.Release|Mixed Platforms.ActiveCfg = Release|Any CPU
		{A6CF8A86-37C1-4197-80FE-519DE2C842F5}.Release|Mixed Platforms.Build.0 = Release|Any CPU
		{A6CF8A86-37C1-4197-80FE-519DE2C842F5}.Release|Win32.ActiveCfg = Release|Any CPU
		{A6CF8A86-37C1-4197-80FE-519DE2C842F5}.Release|Win32.Build.0 = Release|Any CPU
		{A6CF8A86-37C1-4197-80FE-519DE2C842F5}.Release|x64.ActiveCfg = Release|Any CPU
		{A6CF8A86-37C1-4197-80FE-519DE2C842F5}.Release|x64.Build.0 = Release|Any CPU
		{A6CF8A86-37C1-4197-80FE-519DE2C842F5}.ReleaseNoNet|Any CPU.ActiveCfg = ReleaseNoNet|Any CPU
		{A6CF8A86-37C1-4197-80FE-519DE2C842F5}.ReleaseNoNet|Any CPU.Build.0 = ReleaseNoNet|Any CPU
		
	EndGlobalSection
	GlobalSection(MonoDevelopProperties) = preSolution
		StartupItem = keepass2android\keepass2android.csproj
		Policies = $0
		$0.DotNetNamingPolicy = $1
		$1.DirectoryNamespaceAssociation = None
		$1.ResourceNamePolicy = FileFormatDefault
		$0.TextStylePolicy = $2
		$2.FileWidth = 120
		$2.TabsToSpaces = False
		$2.inheritsSet = VisualStudio
		$2.inheritsScope = text/plain
		$2.scope = text/x-csharp
		$0.CSharpFormattingPolicy = $3
		$3.IndentSwitchBody = True
		$3.AnonymousMethodBraceStyle = NextLine
		$3.PropertyBraceStyle = NextLine
		$3.PropertyGetBraceStyle = NextLine
		$3.PropertySetBraceStyle = NextLine
		$3.EventBraceStyle = NextLine
		$3.EventAddBraceStyle = NextLine
		$3.EventRemoveBraceStyle = NextLine
		$3.StatementBraceStyle = NextLine
		$3.ArrayInitializerBraceStyle = NextLine
		$3.BeforeMethodDeclarationParentheses = False
		$3.BeforeMethodCallParentheses = False
		$3.BeforeConstructorDeclarationParentheses = False
		$3.BeforeDelegateDeclarationParentheses = False
		$3.NewParentheses = False
		$3.inheritsSet = Mono
		$3.inheritsScope = text/x-csharp
		$3.scope = text/x-csharp
		$0.TextStylePolicy = $4
		$4.FileWidth = 120
		$4.TabsToSpaces = False
		$4.inheritsSet = VisualStudio
		$4.inheritsScope = text/plain
		$4.scope = text/plain
		$0.TextStylePolicy = $5
		$5.inheritsSet = null
		$5.scope = application/xml
		$0.XmlFormattingPolicy = $6
		$6.inheritsSet = Mono
		$6.inheritsScope = application/xml
		$6.scope = application/xml
		$0.StandardHeader = $7
		$7.Text = @/*\nThis file is part of Keepass2Android, Copyright 2013 Philipp Crocoll.\n\n  Keepass2Android is free software: you can redistribute it and/or modify\n  it under the terms of the GNU General Public License as published by\n  the Free Software Foundation, either version 2 of the License, or\n  (at your option) any later version.\n\n  Keepass2Android is distributed in the hope that it will be useful,\n  but WITHOUT ANY WARRANTY; without even the implied warranty of\n  MERCHANTABILITY or FITNESS FOR A PARTICULAR PURPOSE.  See the\n  GNU General Public License for more details.\n\n  You should have received a copy of the GNU General Public License\n  along with Keepass2Android.  If not, see <http://www.gnu.org/licenses/>.\n  */\n
		$7.IncludeInNewFiles = True
	EndGlobalSection
	GlobalSection(SolutionProperties) = preSolution
		HideSolutionNode = FALSE
	EndGlobalSection
EndGlobal
