
Microsoft Visual Studio Solution File, Format Version 12.00
# Visual Studio 15
VisualStudioVersion = 15.0.27004.2009
MinimumVisualStudioVersion = 10.0.40219.1
Project("{FAE04EC0-301F-11D3-BF4B-00C04F79EFBC}") = "KeePassLib2Android", "KeePassLib2Android\KeePassLib2Android.csproj", "{545B4A6B-8BBA-4FBE-92FC-4AC060122A54}"
EndProject
Project("{FAE04EC0-301F-11D3-BF4B-00C04F79EFBC}") = "keepass2android", "keepass2android\keepass2android.csproj", "{A6CF8A86-37C1-4197-80FE-519DE2C842F5}"
EndProject
Project("{FAE04EC0-301F-11D3-BF4B-00C04F79EFBC}") = "Kp2aKeyboardBinding", "Kp2aKeyboardBinding\Kp2aKeyboardBinding.csproj", "{A8779D4D-7C49-4C2F-82BD-2CDC448391DA}"
EndProject
Project("{FAE04EC0-301F-11D3-BF4B-00C04F79EFBC}") = "Kp2aBusinessLogic", "Kp2aBusinessLogic\Kp2aBusinessLogic.csproj", "{53A9CB7F-6553-4BC0-B56B-9410BB2E59AA}"
EndProject
Project("{FAE04EC0-301F-11D3-BF4B-00C04F79EFBC}") = "TwofishCipher", "TwofishCipher\TwofishCipher.csproj", "{5CF675A5-9BEE-4720-BED9-D5BF14A2EBF9}"
EndProject
Project("{FAE04EC0-301F-11D3-BF4B-00C04F79EFBC}") = "JavaFileStorageBindings", "JavaFileStorageBindings\JavaFileStorageBindings.csproj", "{48574278-4779-4B3A-A9E4-9CF1BC285D0B}"
EndProject
Project("{FAE04EC0-301F-11D3-BF4B-00C04F79EFBC}") = "AndroidFileChooserBinding", "AndroidFileChooserBinding\AndroidFileChooserBinding.csproj", "{3C0F7FE5-639F-4422-A087-8B26CF862D1B}"
EndProject
Project("{FAE04EC0-301F-11D3-BF4B-00C04F79EFBC}") = "KP2AKdbLibraryBinding", "KP2AKdbLibraryBinding\KP2AKdbLibraryBinding.csproj", "{70D3844A-D9FA-4A64-B205-A84C6A822196}"
EndProject
Project("{FAE04EC0-301F-11D3-BF4B-00C04F79EFBC}") = "PluginSdkBinding", "PluginSdkBinding\PluginSdkBinding.csproj", "{3DA3911E-36DE-465E-8F15-F1991B6437E5}"
EndProject
Project("{FAE04EC0-301F-11D3-BF4B-00C04F79EFBC}") = "ZlibAndroid", "ZlibAndroid\ZlibAndroid.csproj", "{6C29A7E7-E016-4FC1-B1A0-DEE26AC711BB}"
EndProject
Project("{FAE04EC0-301F-11D3-BF4B-00C04F79EFBC}") = "System.Net.FtpClient.Android", "netftpandroid\System.Net.FtpClient\System.Net.FtpClient.Android.csproj", "{146FD497-BA03-4740-B6C5-5C84EA8FCDE2}"
EndProject
Project("{FAE04EC0-301F-11D3-BF4B-00C04F79EFBC}") = "SamsungPass", "SamsungPass\Xamarin.SamsungPass\SamsungPass\SamsungPass.csproj", "{3A4B8E88-FA9B-4663-BCDA-21C12E3AF98A}"
EndProject
Global
	GlobalSection(SolutionConfigurationPlatforms) = preSolution
		Debug|Any CPU = Debug|Any CPU
		Debug|Mixed Platforms = Debug|Mixed Platforms
		Debug|Win32 = Debug|Win32
		Debug|x64 = Debug|x64
		Release|Any CPU = Release|Any CPU
		Release|Mixed Platforms = Release|Mixed Platforms
		Release|Win32 = Release|Win32
		Release|x64 = Release|x64
		ReleaseNoNet|Any CPU = ReleaseNoNet|Any CPU
		ReleaseNoNet|Mixed Platforms = ReleaseNoNet|Mixed Platforms
		ReleaseNoNet|Win32 = ReleaseNoNet|Win32
		ReleaseNoNet|x64 = ReleaseNoNet|x64
	EndGlobalSection
	GlobalSection(ProjectConfigurationPlatforms) = postSolution
		{545B4A6B-8BBA-4FBE-92FC-4AC060122A54}.Debug|Any CPU.ActiveCfg = Debug|Any CPU
		{545B4A6B-8BBA-4FBE-92FC-4AC060122A54}.Debug|Any CPU.Build.0 = Debug|Any CPU
		{545B4A6B-8BBA-4FBE-92FC-4AC060122A54}.Debug|Mixed Platforms.ActiveCfg = Debug|Any CPU
		{545B4A6B-8BBA-4FBE-92FC-4AC060122A54}.Debug|Mixed Platforms.Build.0 = Debug|Any CPU
		{545B4A6B-8BBA-4FBE-92FC-4AC060122A54}.Debug|Win32.ActiveCfg = Debug|Any CPU
		{545B4A6B-8BBA-4FBE-92FC-4AC060122A54}.Debug|Win32.Build.0 = Debug|Any CPU
		{545B4A6B-8BBA-4FBE-92FC-4AC060122A54}.Debug|x64.ActiveCfg = Debug|Any CPU
		{545B4A6B-8BBA-4FBE-92FC-4AC060122A54}.Debug|x64.Build.0 = Debug|Any CPU
		{545B4A6B-8BBA-4FBE-92FC-4AC060122A54}.Release|Any CPU.ActiveCfg = Release|Any CPU
		{545B4A6B-8BBA-4FBE-92FC-4AC060122A54}.Release|Any CPU.Build.0 = Release|Any CPU
		{545B4A6B-8BBA-4FBE-92FC-4AC060122A54}.Release|Mixed Platforms.ActiveCfg = Release|Any CPU
		{545B4A6B-8BBA-4FBE-92FC-4AC060122A54}.Release|Mixed Platforms.Build.0 = Release|Any CPU
		{545B4A6B-8BBA-4FBE-92FC-4AC060122A54}.Release|Win32.ActiveCfg = Release|Any CPU
		{545B4A6B-8BBA-4FBE-92FC-4AC060122A54}.Release|Win32.Build.0 = Release|Any CPU
		{545B4A6B-8BBA-4FBE-92FC-4AC060122A54}.Release|x64.ActiveCfg = Release|Any CPU
		{545B4A6B-8BBA-4FBE-92FC-4AC060122A54}.Release|x64.Build.0 = Release|Any CPU
		{545B4A6B-8BBA-4FBE-92FC-4AC060122A54}.ReleaseNoNet|Any CPU.ActiveCfg = ReleaseNoNet|Any CPU
		{545B4A6B-8BBA-4FBE-92FC-4AC060122A54}.ReleaseNoNet|Any CPU.Build.0 = ReleaseNoNet|Any CPU
		{545B4A6B-8BBA-4FBE-92FC-4AC060122A54}.ReleaseNoNet|Mixed Platforms.ActiveCfg = ReleaseNoNet|Any CPU
		{545B4A6B-8BBA-4FBE-92FC-4AC060122A54}.ReleaseNoNet|Mixed Platforms.Build.0 = ReleaseNoNet|Any CPU
		{545B4A6B-8BBA-4FBE-92FC-4AC060122A54}.ReleaseNoNet|Win32.ActiveCfg = ReleaseNoNet|Any CPU
		{545B4A6B-8BBA-4FBE-92FC-4AC060122A54}.ReleaseNoNet|x64.ActiveCfg = ReleaseNoNet|Any CPU
		{A6CF8A86-37C1-4197-80FE-519DE2C842F5}.Debug|Any CPU.ActiveCfg = Debug|Any CPU
		{A6CF8A86-37C1-4197-80FE-519DE2C842F5}.Debug|Any CPU.Build.0 = Debug|Any CPU
		{A6CF8A86-37C1-4197-80FE-519DE2C842F5}.Debug|Any CPU.Deploy.0 = Debug|Any CPU
		{A6CF8A86-37C1-4197-80FE-519DE2C842F5}.Debug|Mixed Platforms.ActiveCfg = Debug|Any CPU
		{A6CF8A86-37C1-4197-80FE-519DE2C842F5}.Debug|Mixed Platforms.Build.0 = Debug|Any CPU
		{A6CF8A86-37C1-4197-80FE-519DE2C842F5}.Debug|Mixed Platforms.Deploy.0 = Debug|Any CPU
		{A6CF8A86-37C1-4197-80FE-519DE2C842F5}.Debug|Win32.ActiveCfg = Debug|Any CPU
		{A6CF8A86-37C1-4197-80FE-519DE2C842F5}.Debug|Win32.Build.0 = Debug|Any CPU
		{A6CF8A86-37C1-4197-80FE-519DE2C842F5}.Debug|x64.ActiveCfg = Debug|Any CPU
		{A6CF8A86-37C1-4197-80FE-519DE2C842F5}.Debug|x64.Build.0 = Debug|Any CPU
		{A6CF8A86-37C1-4197-80FE-519DE2C842F5}.Release|Any CPU.ActiveCfg = Release|Any CPU
		{A6CF8A86-37C1-4197-80FE-519DE2C842F5}.Release|Any CPU.Build.0 = Release|Any CPU
		{A6CF8A86-37C1-4197-80FE-519DE2C842F5}.Release|Any CPU.Deploy.0 = Release|Any CPU
		{A6CF8A86-37C1-4197-80FE-519DE2C842F5}.Release|Mixed Platforms.ActiveCfg = Release|Any CPU
		{A6CF8A86-37C1-4197-80FE-519DE2C842F5}.Release|Mixed Platforms.Build.0 = Release|Any CPU
		{A6CF8A86-37C1-4197-80FE-519DE2C842F5}.Release|Mixed Platforms.Deploy.0 = Release|Any CPU
		{A6CF8A86-37C1-4197-80FE-519DE2C842F5}.Release|Win32.ActiveCfg = Release|Any CPU
		{A6CF8A86-37C1-4197-80FE-519DE2C842F5}.Release|Win32.Build.0 = Release|Any CPU
		{A6CF8A86-37C1-4197-80FE-519DE2C842F5}.Release|x64.ActiveCfg = Release|Any CPU
		{A6CF8A86-37C1-4197-80FE-519DE2C842F5}.Release|x64.Build.0 = Release|Any CPU
		{A6CF8A86-37C1-4197-80FE-519DE2C842F5}.ReleaseNoNet|Any CPU.ActiveCfg = ReleaseNoNet|Any CPU
		{A6CF8A86-37C1-4197-80FE-519DE2C842F5}.ReleaseNoNet|Any CPU.Build.0 = ReleaseNoNet|Any CPU
		{A6CF8A86-37C1-4197-80FE-519DE2C842F5}.ReleaseNoNet|Any CPU.Deploy.0 = ReleaseNoNet|Any CPU
		{A6CF8A86-37C1-4197-80FE-519DE2C842F5}.ReleaseNoNet|Mixed Platforms.ActiveCfg = ReleaseNoNet|Any CPU
		{A6CF8A86-37C1-4197-80FE-519DE2C842F5}.ReleaseNoNet|Mixed Platforms.Build.0 = ReleaseNoNet|Any CPU
		{A6CF8A86-37C1-4197-80FE-519DE2C842F5}.ReleaseNoNet|Mixed Platforms.Deploy.0 = ReleaseNoNet|Any CPU
		{A6CF8A86-37C1-4197-80FE-519DE2C842F5}.ReleaseNoNet|Win32.ActiveCfg = ReleaseNoNet|Any CPU
		{A6CF8A86-37C1-4197-80FE-519DE2C842F5}.ReleaseNoNet|x64.ActiveCfg = ReleaseNoNet|Any CPU
		{A8779D4D-7C49-4C2F-82BD-2CDC448391DA}.Debug|Any CPU.ActiveCfg = Debug|Any CPU
		{A8779D4D-7C49-4C2F-82BD-2CDC448391DA}.Debug|Any CPU.Build.0 = Debug|Any CPU
		{A8779D4D-7C49-4C2F-82BD-2CDC448391DA}.Debug|Mixed Platforms.ActiveCfg = Debug|Any CPU
		{A8779D4D-7C49-4C2F-82BD-2CDC448391DA}.Debug|Mixed Platforms.Build.0 = Debug|Any CPU
		{A8779D4D-7C49-4C2F-82BD-2CDC448391DA}.Debug|Win32.ActiveCfg = Debug|Any CPU
		{A8779D4D-7C49-4C2F-82BD-2CDC448391DA}.Debug|Win32.Build.0 = Debug|Any CPU
		{A8779D4D-7C49-4C2F-82BD-2CDC448391DA}.Debug|x64.ActiveCfg = Debug|Any CPU
		{A8779D4D-7C49-4C2F-82BD-2CDC448391DA}.Debug|x64.Build.0 = Debug|Any CPU
		{A8779D4D-7C49-4C2F-82BD-2CDC448391DA}.Release|Any CPU.ActiveCfg = Release|Any CPU
		{A8779D4D-7C49-4C2F-82BD-2CDC448391DA}.Release|Any CPU.Build.0 = Release|Any CPU
		{A8779D4D-7C49-4C2F-82BD-2CDC448391DA}.Release|Mixed Platforms.ActiveCfg = Release|Any CPU
		{A8779D4D-7C49-4C2F-82BD-2CDC448391DA}.Release|Mixed Platforms.Build.0 = Release|Any CPU
		{A8779D4D-7C49-4C2F-82BD-2CDC448391DA}.Release|Win32.ActiveCfg = Release|Any CPU
		{A8779D4D-7C49-4C2F-82BD-2CDC448391DA}.Release|Win32.Build.0 = Release|Any CPU
		{A8779D4D-7C49-4C2F-82BD-2CDC448391DA}.Release|x64.ActiveCfg = Release|Any CPU
		{A8779D4D-7C49-4C2F-82BD-2CDC448391DA}.Release|x64.Build.0 = Release|Any CPU
		{A8779D4D-7C49-4C2F-82BD-2CDC448391DA}.ReleaseNoNet|Any CPU.ActiveCfg = Debug|Any CPU
		{A8779D4D-7C49-4C2F-82BD-2CDC448391DA}.ReleaseNoNet|Any CPU.Build.0 = Debug|Any CPU
		{A8779D4D-7C49-4C2F-82BD-2CDC448391DA}.ReleaseNoNet|Mixed Platforms.ActiveCfg = ReleaseNoNet|Any CPU
		{A8779D4D-7C49-4C2F-82BD-2CDC448391DA}.ReleaseNoNet|Mixed Platforms.Build.0 = ReleaseNoNet|Any CPU
		{A8779D4D-7C49-4C2F-82BD-2CDC448391DA}.ReleaseNoNet|Win32.ActiveCfg = Release|Any CPU
		{A8779D4D-7C49-4C2F-82BD-2CDC448391DA}.ReleaseNoNet|x64.ActiveCfg = Release|Any CPU
		{53A9CB7F-6553-4BC0-B56B-9410BB2E59AA}.Debug|Any CPU.ActiveCfg = Debug|Any CPU
		{53A9CB7F-6553-4BC0-B56B-9410BB2E59AA}.Debug|Any CPU.Build.0 = Debug|Any CPU
		{53A9CB7F-6553-4BC0-B56B-9410BB2E59AA}.Debug|Mixed Platforms.ActiveCfg = Debug|Any CPU
		{53A9CB7F-6553-4BC0-B56B-9410BB2E59AA}.Debug|Mixed Platforms.Build.0 = Debug|Any CPU
		{53A9CB7F-6553-4BC0-B56B-9410BB2E59AA}.Debug|Win32.ActiveCfg = Debug|Any CPU
		{53A9CB7F-6553-4BC0-B56B-9410BB2E59AA}.Debug|x64.ActiveCfg = Debug|Any CPU
		{53A9CB7F-6553-4BC0-B56B-9410BB2E59AA}.Release|Any CPU.ActiveCfg = Release|Any CPU
		{53A9CB7F-6553-4BC0-B56B-9410BB2E59AA}.Release|Any CPU.Build.0 = Release|Any CPU
		{53A9CB7F-6553-4BC0-B56B-9410BB2E59AA}.Release|Mixed Platforms.ActiveCfg = Release|Any CPU
		{53A9CB7F-6553-4BC0-B56B-9410BB2E59AA}.Release|Mixed Platforms.Build.0 = Release|Any CPU
		{53A9CB7F-6553-4BC0-B56B-9410BB2E59AA}.Release|Win32.ActiveCfg = Release|Any CPU
		{53A9CB7F-6553-4BC0-B56B-9410BB2E59AA}.Release|x64.ActiveCfg = Release|Any CPU
		{53A9CB7F-6553-4BC0-B56B-9410BB2E59AA}.ReleaseNoNet|Any CPU.ActiveCfg = ReleaseNoNet|Any CPU
		{53A9CB7F-6553-4BC0-B56B-9410BB2E59AA}.ReleaseNoNet|Any CPU.Build.0 = ReleaseNoNet|Any CPU
		{53A9CB7F-6553-4BC0-B56B-9410BB2E59AA}.ReleaseNoNet|Mixed Platforms.ActiveCfg = ReleaseNoNet|Any CPU
		{53A9CB7F-6553-4BC0-B56B-9410BB2E59AA}.ReleaseNoNet|Mixed Platforms.Build.0 = ReleaseNoNet|Any CPU
		{53A9CB7F-6553-4BC0-B56B-9410BB2E59AA}.ReleaseNoNet|Win32.ActiveCfg = Release|Any CPU
		{53A9CB7F-6553-4BC0-B56B-9410BB2E59AA}.ReleaseNoNet|x64.ActiveCfg = Release|Any CPU
		{5CF675A5-9BEE-4720-BED9-D5BF14A2EBF9}.Debug|Any CPU.ActiveCfg = Debug|Any CPU
		{5CF675A5-9BEE-4720-BED9-D5BF14A2EBF9}.Debug|Any CPU.Build.0 = Debug|Any CPU
		{5CF675A5-9BEE-4720-BED9-D5BF14A2EBF9}.Debug|Mixed Platforms.ActiveCfg = Debug|Any CPU
		{5CF675A5-9BEE-4720-BED9-D5BF14A2EBF9}.Debug|Mixed Platforms.Build.0 = Debug|Any CPU
		{5CF675A5-9BEE-4720-BED9-D5BF14A2EBF9}.Debug|Win32.ActiveCfg = Debug|Any CPU
		{5CF675A5-9BEE-4720-BED9-D5BF14A2EBF9}.Debug|x64.ActiveCfg = Debug|Any CPU
		{5CF675A5-9BEE-4720-BED9-D5BF14A2EBF9}.Release|Any CPU.ActiveCfg = Release|Any CPU
		{5CF675A5-9BEE-4720-BED9-D5BF14A2EBF9}.Release|Any CPU.Build.0 = Release|Any CPU
		{5CF675A5-9BEE-4720-BED9-D5BF14A2EBF9}.Release|Mixed Platforms.ActiveCfg = Release|Any CPU
		{5CF675A5-9BEE-4720-BED9-D5BF14A2EBF9}.Release|Mixed Platforms.Build.0 = Release|Any CPU
		{5CF675A5-9BEE-4720-BED9-D5BF14A2EBF9}.Release|Win32.ActiveCfg = Release|Any CPU
		{5CF675A5-9BEE-4720-BED9-D5BF14A2EBF9}.Release|x64.ActiveCfg = Release|Any CPU
		{5CF675A5-9BEE-4720-BED9-D5BF14A2EBF9}.ReleaseNoNet|Any CPU.ActiveCfg = ReleaseNoNet|Any CPU
		{5CF675A5-9BEE-4720-BED9-D5BF14A2EBF9}.ReleaseNoNet|Any CPU.Build.0 = ReleaseNoNet|Any CPU
		{5CF675A5-9BEE-4720-BED9-D5BF14A2EBF9}.ReleaseNoNet|Mixed Platforms.ActiveCfg = ReleaseNoNet|Any CPU
		{5CF675A5-9BEE-4720-BED9-D5BF14A2EBF9}.ReleaseNoNet|Mixed Platforms.Build.0 = ReleaseNoNet|Any CPU
		{5CF675A5-9BEE-4720-BED9-D5BF14A2EBF9}.ReleaseNoNet|Win32.ActiveCfg = Release|Any CPU
		{5CF675A5-9BEE-4720-BED9-D5BF14A2EBF9}.ReleaseNoNet|x64.ActiveCfg = Release|Any CPU
		{48574278-4779-4B3A-A9E4-9CF1BC285D0B}.Debug|Any CPU.ActiveCfg = Debug|Any CPU
		{48574278-4779-4B3A-A9E4-9CF1BC285D0B}.Debug|Any CPU.Build.0 = Debug|Any CPU
		{48574278-4779-4B3A-A9E4-9CF1BC285D0B}.Debug|Mixed Platforms.ActiveCfg = Debug|Any CPU
		{48574278-4779-4B3A-A9E4-9CF1BC285D0B}.Debug|Mixed Platforms.Build.0 = Debug|Any CPU
		{48574278-4779-4B3A-A9E4-9CF1BC285D0B}.Debug|Win32.ActiveCfg = Debug|Any CPU
		{48574278-4779-4B3A-A9E4-9CF1BC285D0B}.Debug|x64.ActiveCfg = Debug|Any CPU
		{48574278-4779-4B3A-A9E4-9CF1BC285D0B}.Release|Any CPU.ActiveCfg = Release|Any CPU
		{48574278-4779-4B3A-A9E4-9CF1BC285D0B}.Release|Any CPU.Build.0 = Release|Any CPU
		{48574278-4779-4B3A-A9E4-9CF1BC285D0B}.Release|Mixed Platforms.ActiveCfg = Release|Any CPU
		{48574278-4779-4B3A-A9E4-9CF1BC285D0B}.Release|Mixed Platforms.Build.0 = Release|Any CPU
		{48574278-4779-4B3A-A9E4-9CF1BC285D0B}.Release|Win32.ActiveCfg = Release|Any CPU
		{48574278-4779-4B3A-A9E4-9CF1BC285D0B}.Release|x64.ActiveCfg = Release|Any CPU
		{48574278-4779-4B3A-A9E4-9CF1BC285D0B}.ReleaseNoNet|Any CPU.ActiveCfg = Release|Any CPU
		{48574278-4779-4B3A-A9E4-9CF1BC285D0B}.ReleaseNoNet|Any CPU.Build.0 = Release|Any CPU
		{48574278-4779-4B3A-A9E4-9CF1BC285D0B}.ReleaseNoNet|Mixed Platforms.ActiveCfg = ReleaseNoNet|Any CPU
		{48574278-4779-4B3A-A9E4-9CF1BC285D0B}.ReleaseNoNet|Mixed Platforms.Build.0 = ReleaseNoNet|Any CPU
		{48574278-4779-4B3A-A9E4-9CF1BC285D0B}.ReleaseNoNet|Win32.ActiveCfg = Release|Any CPU
		{48574278-4779-4B3A-A9E4-9CF1BC285D0B}.ReleaseNoNet|x64.ActiveCfg = Release|Any CPU
		{3C0F7FE5-639F-4422-A087-8B26CF862D1B}.Debug|Any CPU.ActiveCfg = Debug|Any CPU
		{3C0F7FE5-639F-4422-A087-8B26CF862D1B}.Debug|Any CPU.Build.0 = Debug|Any CPU
		{3C0F7FE5-639F-4422-A087-8B26CF862D1B}.Debug|Mixed Platforms.ActiveCfg = Debug|Any CPU
		{3C0F7FE5-639F-4422-A087-8B26CF862D1B}.Debug|Mixed Platforms.Build.0 = Debug|Any CPU
		{3C0F7FE5-639F-4422-A087-8B26CF862D1B}.Debug|Win32.ActiveCfg = Debug|Any CPU
		{3C0F7FE5-639F-4422-A087-8B26CF862D1B}.Debug|x64.ActiveCfg = Debug|Any CPU
		{3C0F7FE5-639F-4422-A087-8B26CF862D1B}.Release|Any CPU.ActiveCfg = Release|Any CPU
		{3C0F7FE5-639F-4422-A087-8B26CF862D1B}.Release|Any CPU.Build.0 = Release|Any CPU
		{3C0F7FE5-639F-4422-A087-8B26CF862D1B}.Release|Mixed Platforms.ActiveCfg = Release|Any CPU
		{3C0F7FE5-639F-4422-A087-8B26CF862D1B}.Release|Mixed Platforms.Build.0 = Release|Any CPU
		{3C0F7FE5-639F-4422-A087-8B26CF862D1B}.Release|Win32.ActiveCfg = Release|Any CPU
		{3C0F7FE5-639F-4422-A087-8B26CF862D1B}.Release|x64.ActiveCfg = Release|Any CPU
		{3C0F7FE5-639F-4422-A087-8B26CF862D1B}.ReleaseNoNet|Any CPU.ActiveCfg = Release|Any CPU
		{3C0F7FE5-639F-4422-A087-8B26CF862D1B}.ReleaseNoNet|Any CPU.Build.0 = Release|Any CPU
		{3C0F7FE5-639F-4422-A087-8B26CF862D1B}.ReleaseNoNet|Mixed Platforms.ActiveCfg = ReleaseNoNet|Any CPU
		{3C0F7FE5-639F-4422-A087-8B26CF862D1B}.ReleaseNoNet|Mixed Platforms.Build.0 = ReleaseNoNet|Any CPU
		{3C0F7FE5-639F-4422-A087-8B26CF862D1B}.ReleaseNoNet|Win32.ActiveCfg = Release|Any CPU
		{3C0F7FE5-639F-4422-A087-8B26CF862D1B}.ReleaseNoNet|x64.ActiveCfg = Release|Any CPU
		{70D3844A-D9FA-4A64-B205-A84C6A822196}.Debug|Any CPU.ActiveCfg = Debug|Any CPU
		{70D3844A-D9FA-4A64-B205-A84C6A822196}.Debug|Any CPU.Build.0 = Debug|Any CPU
		{70D3844A-D9FA-4A64-B205-A84C6A822196}.Debug|Mixed Platforms.ActiveCfg = Debug|Any CPU
		{70D3844A-D9FA-4A64-B205-A84C6A822196}.Debug|Mixed Platforms.Build.0 = Debug|Any CPU
		{70D3844A-D9FA-4A64-B205-A84C6A822196}.Debug|Win32.ActiveCfg = Debug|Any CPU
		{70D3844A-D9FA-4A64-B205-A84C6A822196}.Debug|x64.ActiveCfg = Debug|Any CPU
		{70D3844A-D9FA-4A64-B205-A84C6A822196}.Release|Any CPU.ActiveCfg = Release|Any CPU
		{70D3844A-D9FA-4A64-B205-A84C6A822196}.Release|Any CPU.Build.0 = Release|Any CPU
		{70D3844A-D9FA-4A64-B205-A84C6A822196}.Release|Mixed Platforms.ActiveCfg = Release|Any CPU
		{70D3844A-D9FA-4A64-B205-A84C6A822196}.Release|Mixed Platforms.Build.0 = Release|Any CPU
		{70D3844A-D9FA-4A64-B205-A84C6A822196}.Release|Win32.ActiveCfg = Release|Any CPU
		{70D3844A-D9FA-4A64-B205-A84C6A822196}.Release|x64.ActiveCfg = Release|Any CPU
		{70D3844A-D9FA-4A64-B205-A84C6A822196}.ReleaseNoNet|Any CPU.ActiveCfg = Release|Any CPU
		{70D3844A-D9FA-4A64-B205-A84C6A822196}.ReleaseNoNet|Any CPU.Build.0 = Release|Any CPU
		{70D3844A-D9FA-4A64-B205-A84C6A822196}.ReleaseNoNet|Mixed Platforms.ActiveCfg = ReleaseNoNet|Any CPU
		{70D3844A-D9FA-4A64-B205-A84C6A822196}.ReleaseNoNet|Mixed Platforms.Build.0 = ReleaseNoNet|Any CPU
		{70D3844A-D9FA-4A64-B205-A84C6A822196}.ReleaseNoNet|Win32.ActiveCfg = Release|Any CPU
		{70D3844A-D9FA-4A64-B205-A84C6A822196}.ReleaseNoNet|x64.ActiveCfg = Release|Any CPU
		{3DA3911E-36DE-465E-8F15-F1991B6437E5}.Debug|Any CPU.ActiveCfg = Debug|Any CPU
		{3DA3911E-36DE-465E-8F15-F1991B6437E5}.Debug|Any CPU.Build.0 = Debug|Any CPU
		{3DA3911E-36DE-465E-8F15-F1991B6437E5}.Debug|Mixed Platforms.ActiveCfg = Debug|Any CPU
		{3DA3911E-36DE-465E-8F15-F1991B6437E5}.Debug|Mixed Platforms.Build.0 = Debug|Any CPU
		{3DA3911E-36DE-465E-8F15-F1991B6437E5}.Debug|Win32.ActiveCfg = Debug|Any CPU
		{3DA3911E-36DE-465E-8F15-F1991B6437E5}.Debug|x64.ActiveCfg = Debug|Any CPU
		{3DA3911E-36DE-465E-8F15-F1991B6437E5}.Release|Any CPU.ActiveCfg = Release|Any CPU
		{3DA3911E-36DE-465E-8F15-F1991B6437E5}.Release|Any CPU.Build.0 = Release|Any CPU
		{3DA3911E-36DE-465E-8F15-F1991B6437E5}.Release|Mixed Platforms.ActiveCfg = Release|Any CPU
		{3DA3911E-36DE-465E-8F15-F1991B6437E5}.Release|Mixed Platforms.Build.0 = Release|Any CPU
		{3DA3911E-36DE-465E-8F15-F1991B6437E5}.Release|Win32.ActiveCfg = Release|Any CPU
		{3DA3911E-36DE-465E-8F15-F1991B6437E5}.Release|x64.ActiveCfg = Release|Any CPU
		{3DA3911E-36DE-465E-8F15-F1991B6437E5}.ReleaseNoNet|Any CPU.ActiveCfg = Release|Any CPU
		{3DA3911E-36DE-465E-8F15-F1991B6437E5}.ReleaseNoNet|Any CPU.Build.0 = Release|Any CPU
		{3DA3911E-36DE-465E-8F15-F1991B6437E5}.ReleaseNoNet|Mixed Platforms.ActiveCfg = ReleaseNoNet|Any CPU
		{3DA3911E-36DE-465E-8F15-F1991B6437E5}.ReleaseNoNet|Mixed Platforms.Build.0 = ReleaseNoNet|Any CPU
		{3DA3911E-36DE-465E-8F15-F1991B6437E5}.ReleaseNoNet|Win32.ActiveCfg = Release|Any CPU
		{3DA3911E-36DE-465E-8F15-F1991B6437E5}.ReleaseNoNet|x64.ActiveCfg = Release|Any CPU
		{6C29A7E7-E016-4FC1-B1A0-DEE26AC711BB}.Debug|Any CPU.ActiveCfg = Debug|Any CPU
		{6C29A7E7-E016-4FC1-B1A0-DEE26AC711BB}.Debug|Any CPU.Build.0 = Debug|Any CPU
		{6C29A7E7-E016-4FC1-B1A0-DEE26AC711BB}.Debug|Mixed Platforms.ActiveCfg = Debug|Any CPU
		{6C29A7E7-E016-4FC1-B1A0-DEE26AC711BB}.Debug|Mixed Platforms.Build.0 = Debug|Any CPU
		{6C29A7E7-E016-4FC1-B1A0-DEE26AC711BB}.Debug|Win32.ActiveCfg = Debug|Any CPU
		{6C29A7E7-E016-4FC1-B1A0-DEE26AC711BB}.Debug|Win32.Build.0 = Debug|Any CPU
		{6C29A7E7-E016-4FC1-B1A0-DEE26AC711BB}.Debug|x64.ActiveCfg = Debug|Any CPU
		{6C29A7E7-E016-4FC1-B1A0-DEE26AC711BB}.Debug|x64.Build.0 = Debug|Any CPU
		{6C29A7E7-E016-4FC1-B1A0-DEE26AC711BB}.Release|Any CPU.ActiveCfg = Release|Any CPU
		{6C29A7E7-E016-4FC1-B1A0-DEE26AC711BB}.Release|Any CPU.Build.0 = Release|Any CPU
		{6C29A7E7-E016-4FC1-B1A0-DEE26AC711BB}.Release|Mixed Platforms.ActiveCfg = Release|Any CPU
		{6C29A7E7-E016-4FC1-B1A0-DEE26AC711BB}.Release|Mixed Platforms.Build.0 = Release|Any CPU
		{6C29A7E7-E016-4FC1-B1A0-DEE26AC711BB}.Release|Win32.ActiveCfg = Release|Any CPU
		{6C29A7E7-E016-4FC1-B1A0-DEE26AC711BB}.Release|Win32.Build.0 = Release|Any CPU
		{6C29A7E7-E016-4FC1-B1A0-DEE26AC711BB}.Release|x64.ActiveCfg = Release|Any CPU
		{6C29A7E7-E016-4FC1-B1A0-DEE26AC711BB}.Release|x64.Build.0 = Release|Any CPU
		{6C29A7E7-E016-4FC1-B1A0-DEE26AC711BB}.ReleaseNoNet|Any CPU.ActiveCfg = ReleaseNoNet|Any CPU
		{6C29A7E7-E016-4FC1-B1A0-DEE26AC711BB}.ReleaseNoNet|Any CPU.Build.0 = ReleaseNoNet|Any CPU
		{6C29A7E7-E016-4FC1-B1A0-DEE26AC711BB}.ReleaseNoNet|Mixed Platforms.ActiveCfg = Release|Any CPU
		{6C29A7E7-E016-4FC1-B1A0-DEE26AC711BB}.ReleaseNoNet|Mixed Platforms.Build.0 = Release|Any CPU
		{6C29A7E7-E016-4FC1-B1A0-DEE26AC711BB}.ReleaseNoNet|Win32.ActiveCfg = Release|Any CPU
		{6C29A7E7-E016-4FC1-B1A0-DEE26AC711BB}.ReleaseNoNet|Win32.Build.0 = Release|Any CPU
		{6C29A7E7-E016-4FC1-B1A0-DEE26AC711BB}.ReleaseNoNet|x64.ActiveCfg = Release|Any CPU
		{6C29A7E7-E016-4FC1-B1A0-DEE26AC711BB}.ReleaseNoNet|x64.Build.0 = Release|Any CPU
		{146FD497-BA03-4740-B6C5-5C84EA8FCDE2}.Debug|Any CPU.ActiveCfg = Debug|Any CPU
		{146FD497-BA03-4740-B6C5-5C84EA8FCDE2}.Debug|Any CPU.Build.0 = Debug|Any CPU
		{146FD497-BA03-4740-B6C5-5C84EA8FCDE2}.Debug|Mixed Platforms.ActiveCfg = Debug|Any CPU
		{146FD497-BA03-4740-B6C5-5C84EA8FCDE2}.Debug|Mixed Platforms.Build.0 = Debug|Any CPU
		{146FD497-BA03-4740-B6C5-5C84EA8FCDE2}.Debug|Win32.ActiveCfg = Debug|Any CPU
		{146FD497-BA03-4740-B6C5-5C84EA8FCDE2}.Debug|x64.ActiveCfg = Debug|Any CPU
		{146FD497-BA03-4740-B6C5-5C84EA8FCDE2}.Release|Any CPU.ActiveCfg = Release|Any CPU
		{146FD497-BA03-4740-B6C5-5C84EA8FCDE2}.Release|Any CPU.Build.0 = Release|Any CPU
		{146FD497-BA03-4740-B6C5-5C84EA8FCDE2}.Release|Mixed Platforms.ActiveCfg = Release|Any CPU
		{146FD497-BA03-4740-B6C5-5C84EA8FCDE2}.Release|Mixed Platforms.Build.0 = Release|Any CPU
		{146FD497-BA03-4740-B6C5-5C84EA8FCDE2}.Release|Win32.ActiveCfg = Release|Any CPU
		{146FD497-BA03-4740-B6C5-5C84EA8FCDE2}.Release|x64.ActiveCfg = Release|Any CPU
		{146FD497-BA03-4740-B6C5-5C84EA8FCDE2}.ReleaseNoNet|Any CPU.ActiveCfg = Release|Any CPU
		{146FD497-BA03-4740-B6C5-5C84EA8FCDE2}.ReleaseNoNet|Any CPU.Build.0 = Release|Any CPU
		{146FD497-BA03-4740-B6C5-5C84EA8FCDE2}.ReleaseNoNet|Mixed Platforms.ActiveCfg = Release|Any CPU
		{146FD497-BA03-4740-B6C5-5C84EA8FCDE2}.ReleaseNoNet|Mixed Platforms.Build.0 = Release|Any CPU
		{146FD497-BA03-4740-B6C5-5C84EA8FCDE2}.ReleaseNoNet|Win32.ActiveCfg = Release|Any CPU
		{146FD497-BA03-4740-B6C5-5C84EA8FCDE2}.ReleaseNoNet|x64.ActiveCfg = Release|Any CPU
		{3A4B8E88-FA9B-4663-BCDA-21C12E3AF98A}.Debug|Any CPU.ActiveCfg = Debug|Any CPU
		{3A4B8E88-FA9B-4663-BCDA-21C12E3AF98A}.Debug|Any CPU.Build.0 = Debug|Any CPU
		{3A4B8E88-FA9B-4663-BCDA-21C12E3AF98A}.Debug|Mixed Platforms.ActiveCfg = Debug|Any CPU
		{3A4B8E88-FA9B-4663-BCDA-21C12E3AF98A}.Debug|Mixed Platforms.Build.0 = Debug|Any CPU
		{3A4B8E88-FA9B-4663-BCDA-21C12E3AF98A}.Debug|Win32.ActiveCfg = Debug|Any CPU
		{3A4B8E88-FA9B-4663-BCDA-21C12E3AF98A}.Debug|x64.ActiveCfg = Debug|Any CPU
		{3A4B8E88-FA9B-4663-BCDA-21C12E3AF98A}.Release|Any CPU.ActiveCfg = Release|Any CPU
		{3A4B8E88-FA9B-4663-BCDA-21C12E3AF98A}.Release|Any CPU.Build.0 = Release|Any CPU
		{3A4B8E88-FA9B-4663-BCDA-21C12E3AF98A}.Release|Mixed Platforms.ActiveCfg = Release|Any CPU
		{3A4B8E88-FA9B-4663-BCDA-21C12E3AF98A}.Release|Mixed Platforms.Build.0 = Release|Any CPU
		{3A4B8E88-FA9B-4663-BCDA-21C12E3AF98A}.Release|Win32.ActiveCfg = Release|Any CPU
		{3A4B8E88-FA9B-4663-BCDA-21C12E3AF98A}.Release|x64.ActiveCfg = Release|Any CPU
		{3A4B8E88-FA9B-4663-BCDA-21C12E3AF98A}.ReleaseNoNet|Any CPU.ActiveCfg = ReleaseNoNet|Any CPU
		{3A4B8E88-FA9B-4663-BCDA-21C12E3AF98A}.ReleaseNoNet|Any CPU.Build.0 = ReleaseNoNet|Any CPU
		{3A4B8E88-FA9B-4663-BCDA-21C12E3AF98A}.ReleaseNoNet|Mixed Platforms.ActiveCfg = ReleaseNoNet|Any CPU
		{3A4B8E88-FA9B-4663-BCDA-21C12E3AF98A}.ReleaseNoNet|Mixed Platforms.Build.0 = ReleaseNoNet|Any CPU
		{3A4B8E88-FA9B-4663-BCDA-21C12E3AF98A}.ReleaseNoNet|Win32.ActiveCfg = ReleaseNoNet|Any CPU
		{3A4B8E88-FA9B-4663-BCDA-21C12E3AF98A}.ReleaseNoNet|x64.ActiveCfg = ReleaseNoNet|Any CPU
	EndGlobalSection
	GlobalSection(SolutionProperties) = preSolution
		HideSolutionNode = FALSE
	EndGlobalSection
	GlobalSection(ExtensibilityGlobals) = postSolution
		SolutionGuid = {2B48EDA2-ABCE-4DB5-A609-DFDF5FAAE767}
	EndGlobalSection
	GlobalSection(MonoDevelopProperties) = preSolution
		Policies = $0
		$0.DotNetNamingPolicy = $1
		$1.DirectoryNamespaceAssociation = None
		$1.ResourceNamePolicy = FileFormatDefault
		$0.TextStylePolicy = $2
		$2.FileWidth = 120
		$2.TabsToSpaces = False
		$2.inheritsSet = VisualStudio
		$2.inheritsScope = text/plain
	EndGlobalSection
EndGlobal
